
Microsoft Visual Studio Solution File, Format Version 12.00
# Visual Studio 15
VisualStudioVersion = 15.0.28010.2041
MinimumVisualStudioVersion = 10.0.40219.1
Project("{FAE04EC0-301F-11D3-BF4B-00C04F79EFBC}") = "Akıllı Tahta Yonetim", "Akıllı Tahta Yonetim.csproj", "{A72F08A6-DF92-4E78-85DC-35012D7C2B6A}"
EndProject
Global
	GlobalSection(SolutionConfigurationPlatforms) = preSolution
		Debug|x86 = Debug|x86
		Release|x86 = Release|x86
	EndGlobalSection
	GlobalSection(ProjectConfigurationPlatforms) = postSolution
		{A72F08A6-DF92-4E78-85DC-35012D7C2B6A}.Debug|x86.ActiveCfg = Debug|x86
		{A72F08A6-DF92-4E78-85DC-35012D7C2B6A}.Debug|x86.Build.0 = Debug|x86
		{A72F08A6-DF92-4E78-85DC-35012D7C2B6A}.Release|x86.ActiveCfg = Release|x86
		{A72F08A6-DF92-4E78-85DC-35012D7C2B6A}.Release|x86.Build.0 = Release|x86
	EndGlobalSection
	GlobalSection(SolutionProperties) = preSolution
		HideSolutionNode = FALSE
	EndGlobalSection
	GlobalSection(ExtensibilityGlobals) = postSolution
		SolutionGuid = {7C3312D9-5CAB-4F7B-818C-287FA06081DD}
	EndGlobalSection
EndGlobal
